{
  "object": {
    "pins": [
      {
        "package": "CZNetworking",
        "repositoryURL": "https://github.com/geekaurora/CZNetworking.git",
        "state": {
          "branch": null,
          "revision": "948705c536878ff0cb41271350a74a5545899eb3",
          "version": "3.0.5"
        }
      },
      {
        "package": "CZUtils",
        "repositoryURL": "https://github.com/geekaurora/CZUtils.git",
        "state": {
          "branch": null,
          "revision": "83e8b92a1873794d6503663609ac539ecd19266b",
          "version": "3.0.3"
        }
      },
      {
        "package": "CZWebImage",
        "repositoryURL": "https://github.com/geekaurora/CZWebImage.git",
        "state": {
          "branch": null,
          "revision": "7113f2ce50ec7c910f3790f82f15c3e0708b55ae",
          "version": "3.0.3"
        }
      }
    ]
  },
  "version": 1
}
