{
  "object": {
    "pins": [
      {
        "package": "CZNetworking",
        "repositoryURL": "https://github.com/geekaurora/CZNetworking.git",
        "state": {
          "branch": null,
          "revision": "ae1347dacf1a4047b5d82a94488acfe03f14b7ae",
          "version": "3.0.1"
        }
      },
      {
        "package": "CZUtils",
        "repositoryURL": "https://github.com/geekaurora/CZUtils.git",
        "state": {
          "branch": null,
          "revision": "5e35405272ed98084c64c2b5825c31c553ea18d1",
          "version": "3.0.1"
        }
      },
      {
        "package": "CZWebImage",
        "repositoryURL": "https://github.com/geekaurora/CZWebImage.git",
        "state": {
          "branch": null,
          "revision": "10799a7c8c5d0e48941ed4500f3a5a74e97c85b2",
          "version": "3.0.1"
        }
      }
    ]
  },
  "version": 1
}
