{
  "object": {
    "pins": [
      {
        "package": "CZNetworking",
        "repositoryURL": "https://github.com/geekaurora/CZNetworking.git",
        "state": {
          "branch": null,
          "revision": "b2797f721eb560a76194518084ae23654140db12",
          "version": "3.2.2"
        }
      },
      {
        "package": "CZUtils",
        "repositoryURL": "https://github.com/geekaurora/CZUtils.git",
        "state": {
          "branch": null,
          "revision": "0a8647b729a8eef0b649b9057a48568ce3d7a5c0",
          "version": "3.2.1"
        }
      },
      {
        "package": "CZWebImage",
        "repositoryURL": "https://github.com/geekaurora/CZWebImage.git",
        "state": {
          "branch": null,
          "revision": "9a918c0a690207bb39b12fb9fb5d5b2b80d7d497",
          "version": "3.1.0"
        }
      },
      {
        "package": "SwiftUIKit",
        "repositoryURL": "https://github.com/geekaurora/SwiftUIKit.git",
        "state": {
          "branch": null,
          "revision": "89997f60c9fbae701b60cbe05f49a6d09573e88f",
          "version": "1.0.3"
        }
      }
    ]
  },
  "version": 1
}
